
Microsoft Visual Studio Solution File, Format Version 12.00
# Visual Studio Version 17
VisualStudioVersion = 17.9.34607.119
MinimumVisualStudioVersion = 10.0.40219.1
Project("{FAE04EC0-301F-11D3-BF4B-00C04F79EFBC}") = "CorrectionGestionBourget", "CorrectionGestionBourget\CorrectionGestionBourget.csproj", "{A6F47D97-05C9-45C7-8554-3ECE23F855FC}"
EndProject
Global
	GlobalSection(SolutionConfigurationPlatforms) = preSolution
		Debug|Any CPU = Debug|Any CPU
		Release|Any CPU = Release|Any CPU
	EndGlobalSection
	GlobalSection(ProjectConfigurationPlatforms) = postSolution
		{A6F47D97-05C9-45C7-8554-3ECE23F855FC}.Debug|Any CPU.ActiveCfg = Debug|Any CPU
		{A6F47D97-05C9-45C7-8554-3ECE23F855FC}.Debug|Any CPU.Build.0 = Debug|Any CPU
		{A6F47D97-05C9-45C7-8554-3ECE23F855FC}.Release|Any CPU.ActiveCfg = Release|Any CPU
		{A6F47D97-05C9-45C7-8554-3ECE23F855FC}.Release|Any CPU.Build.0 = Release|Any CPU
	EndGlobalSection
	GlobalSection(SolutionProperties) = preSolution
		HideSolutionNode = FALSE
	EndGlobalSection
	GlobalSection(ExtensibilityGlobals) = postSolution
		SolutionGuid = {E7545337-7B30-41D0-BD21-0C1DD022197E}
	EndGlobalSection
EndGlobal
